
Microsoft Visual Studio Solution File, Format Version 12.00
# Visual Studio Version 16
VisualStudioVersion = 16.0.31205.134
MinimumVisualStudioVersion = 10.0.40219.1
Project("{FAE04EC0-301F-11D3-BF4B-00C04F79EFBC}") = "LearningProperties", "LearningProperties\LearningProperties.csproj", "{840CA8AC-F700-4E42-8C20-5E694F731E6D}"
EndProject
Global
	GlobalSection(SolutionConfigurationPlatforms) = preSolution
		Debug|Any CPU = Debug|Any CPU
		Release|Any CPU = Release|Any CPU
	EndGlobalSection
	GlobalSection(ProjectConfigurationPlatforms) = postSolution
		{840CA8AC-F700-4E42-8C20-5E694F731E6D}.Debug|Any CPU.ActiveCfg = Debug|Any CPU
		{840CA8AC-F700-4E42-8C20-5E694F731E6D}.Debug|Any CPU.Build.0 = Debug|Any CPU
		{840CA8AC-F700-4E42-8C20-5E694F731E6D}.Release|Any CPU.ActiveCfg = Release|Any CPU
		{840CA8AC-F700-4E42-8C20-5E694F731E6D}.Release|Any CPU.Build.0 = Release|Any CPU
	EndGlobalSection
	GlobalSection(SolutionProperties) = preSolution
		HideSolutionNode = FALSE
	EndGlobalSection
	GlobalSection(ExtensibilityGlobals) = postSolution
		SolutionGuid = {551A3AAA-937E-477C-9ABE-AD8A436BD7BA}
	EndGlobalSection
EndGlobal
